
Microsoft Visual Studio Solution File, Format Version 12.00
# Visual Studio Version 17
VisualStudioVersion = 17.6.33815.320
MinimumVisualStudioVersion = 10.0.40219.1
Project("{9A19103F-16F7-4668-BE54-9A1E7A4F7556}") = "OutlookInspired.Module", "OutlookInspired.Module\OutlookInspired.Module.csproj", "{643013D7-4626-445D-9253-D82C3884960D}"
EndProject
Project("{9A19103F-16F7-4668-BE54-9A1E7A4F7556}") = "OutlookInspired.MiddleTier", "OutlookInspired.MiddleTier\OutlookInspired.MiddleTier.csproj", "{060F440A-92E5-4C38-A2FD-D184ED75EF85}"
EndProject
Project("{9A19103F-16F7-4668-BE54-9A1E7A4F7556}") = "OutlookInspired.Win", "OutlookInspired.Win\OutlookInspired.Win.csproj", "{D2C06B0F-84D5-4C14-95BD-AAC45F1E3E79}"
EndProject
Project("{FAE04EC0-301F-11D3-BF4B-00C04F79EFBC}") = "OutlookInspired.Tests", "OutlookInspired.Tests\OutlookInspired.Tests.csproj", "{1E27F963-3533-4F8B-9348-A9CE5B96F4DB}"
EndProject
Project("{FAE04EC0-301F-11D3-BF4B-00C04F79EFBC}") = "DevExpress.ExpressApp.Testing", "DevExpress.ExpressApp.Testing\DevExpress.ExpressApp.Testing.csproj", "{7DCC6B7D-F550-4243-A59E-CF483B1DE441}"
EndProject
Project("{FAE04EC0-301F-11D3-BF4B-00C04F79EFBC}") = "DevExpress.ExpressApp", "..\..\..\Program Files\DevExpress 23.1\Components\Sources\DevExpress.ExpressApp\DevExpress.ExpressApp\DevExpress.ExpressApp.csproj", "{39E0DE91-4458-44FA-9320-55F94BD812AB}"
EndProject
Project("{FAE04EC0-301F-11D3-BF4B-00C04F79EFBC}") = "DevExpress.ExpressApp.Win.NetCore.Desktop", "..\..\..\Program Files\DevExpress 23.1\Components\Sources\DevExpress.ExpressApp\DevExpress.ExpressApp.Win\DevExpress.ExpressApp.Win.NetCore.Desktop.csproj", "{22A876ED-DA65-4203-B8B3-3103ED717A7E}"
EndProject
Project("{FAE04EC0-301F-11D3-BF4B-00C04F79EFBC}") = "DevExpress.Persistent.BaseImpl.EFCore.NetStandard", "..\..\..\Program Files\DevExpress 23.1\Components\Sources\DevExpress.Persistent\DevExpress.Persistent.BaseImpl.EFCore\DevExpress.Persistent.BaseImpl.EFCore.NetStandard.csproj", "{5A809D4C-54EF-4564-B3A5-775379741792}"
EndProject
Project("{FAE04EC0-301F-11D3-BF4B-00C04F79EFBC}") = "DevExpress.ExpressApp.ViewVariantsModule.NetStandard", "..\..\..\Program Files\DevExpress 23.1\Components\Sources\DevExpress.ExpressApp.Modules\DevExpress.ExpressApp.ViewVariantsModule\DevExpress.ExpressApp.ViewVariantsModule.NetStandard.csproj", "{E6B45D02-A642-417D-9FB2-C94FD5A8CAE4}"
EndProject
Global
	GlobalSection(SolutionConfigurationPlatforms) = preSolution
		Debug|Any CPU = Debug|Any CPU
		EasyTest|Any CPU = EasyTest|Any CPU
		Release|Any CPU = Release|Any CPU
	EndGlobalSection
	GlobalSection(ProjectConfigurationPlatforms) = postSolution
		{643013D7-4626-445D-9253-D82C3884960D}.Debug|Any CPU.ActiveCfg = Debug|Any CPU
		{643013D7-4626-445D-9253-D82C3884960D}.Debug|Any CPU.Build.0 = Debug|Any CPU
		{643013D7-4626-445D-9253-D82C3884960D}.EasyTest|Any CPU.ActiveCfg = EasyTest|Any CPU
		{643013D7-4626-445D-9253-D82C3884960D}.EasyTest|Any CPU.Build.0 = EasyTest|Any CPU
		{643013D7-4626-445D-9253-D82C3884960D}.Release|Any CPU.ActiveCfg = Release|Any CPU
		{643013D7-4626-445D-9253-D82C3884960D}.Release|Any CPU.Build.0 = Release|Any CPU
		{060F440A-92E5-4C38-A2FD-D184ED75EF85}.Debug|Any CPU.ActiveCfg = Debug|Any CPU
		{060F440A-92E5-4C38-A2FD-D184ED75EF85}.Debug|Any CPU.Build.0 = Debug|Any CPU
		{060F440A-92E5-4C38-A2FD-D184ED75EF85}.EasyTest|Any CPU.ActiveCfg = EasyTest|Any CPU
		{060F440A-92E5-4C38-A2FD-D184ED75EF85}.EasyTest|Any CPU.Build.0 = EasyTest|Any CPU
		{060F440A-92E5-4C38-A2FD-D184ED75EF85}.Release|Any CPU.ActiveCfg = Release|Any CPU
		{060F440A-92E5-4C38-A2FD-D184ED75EF85}.Release|Any CPU.Build.0 = Release|Any CPU
		{D2C06B0F-84D5-4C14-95BD-AAC45F1E3E79}.Debug|Any CPU.ActiveCfg = Debug|Any CPU
		{D2C06B0F-84D5-4C14-95BD-AAC45F1E3E79}.Debug|Any CPU.Build.0 = Debug|Any CPU
		{D2C06B0F-84D5-4C14-95BD-AAC45F1E3E79}.EasyTest|Any CPU.ActiveCfg = EasyTest|Any CPU
		{D2C06B0F-84D5-4C14-95BD-AAC45F1E3E79}.EasyTest|Any CPU.Build.0 = EasyTest|Any CPU
		{D2C06B0F-84D5-4C14-95BD-AAC45F1E3E79}.Release|Any CPU.ActiveCfg = Release|Any CPU
		{D2C06B0F-84D5-4C14-95BD-AAC45F1E3E79}.Release|Any CPU.Build.0 = Release|Any CPU
		{1E27F963-3533-4F8B-9348-A9CE5B96F4DB}.Debug|Any CPU.ActiveCfg = Debug|Any CPU
		{1E27F963-3533-4F8B-9348-A9CE5B96F4DB}.Debug|Any CPU.Build.0 = Debug|Any CPU
		{1E27F963-3533-4F8B-9348-A9CE5B96F4DB}.EasyTest|Any CPU.ActiveCfg = Debug|Any CPU
		{1E27F963-3533-4F8B-9348-A9CE5B96F4DB}.EasyTest|Any CPU.Build.0 = Debug|Any CPU
		{1E27F963-3533-4F8B-9348-A9CE5B96F4DB}.Release|Any CPU.ActiveCfg = Release|Any CPU
		{1E27F963-3533-4F8B-9348-A9CE5B96F4DB}.Release|Any CPU.Build.0 = Release|Any CPU
		{7DCC6B7D-F550-4243-A59E-CF483B1DE441}.Debug|Any CPU.ActiveCfg = Debug|Any CPU
		{7DCC6B7D-F550-4243-A59E-CF483B1DE441}.EasyTest|Any CPU.ActiveCfg = Debug|Any CPU
		{7DCC6B7D-F550-4243-A59E-CF483B1DE441}.EasyTest|Any CPU.Build.0 = Debug|Any CPU
		{7DCC6B7D-F550-4243-A59E-CF483B1DE441}.Release|Any CPU.ActiveCfg = Release|Any CPU
		{7DCC6B7D-F550-4243-A59E-CF483B1DE441}.Release|Any CPU.Build.0 = Release|Any CPU
		{7DCC6B7D-F550-4243-A59E-CF483B1DE441}.Debug|Any CPU.Build.0 = Debug|Any CPU
		{39E0DE91-4458-44FA-9320-55F94BD812AB}.Debug|Any CPU.ActiveCfg = Debug|Any CPU
		{39E0DE91-4458-44FA-9320-55F94BD812AB}.EasyTest|Any CPU.ActiveCfg = Debug|Any CPU
		{39E0DE91-4458-44FA-9320-55F94BD812AB}.EasyTest|Any CPU.Build.0 = Debug|Any CPU
		{39E0DE91-4458-44FA-9320-55F94BD812AB}.Release|Any CPU.ActiveCfg = Release|Any CPU
		{39E0DE91-4458-44FA-9320-55F94BD812AB}.Release|Any CPU.Build.0 = Release|Any CPU
		{22A876ED-DA65-4203-B8B3-3103ED717A7E}.Debug|Any CPU.ActiveCfg = Debug|Any CPU
		{22A876ED-DA65-4203-B8B3-3103ED717A7E}.EasyTest|Any CPU.ActiveCfg = Debug|Any CPU
		{22A876ED-DA65-4203-B8B3-3103ED717A7E}.EasyTest|Any CPU.Build.0 = Debug|Any CPU
		{22A876ED-DA65-4203-B8B3-3103ED717A7E}.Release|Any CPU.ActiveCfg = Release|Any CPU
		{22A876ED-DA65-4203-B8B3-3103ED717A7E}.Release|Any CPU.Build.0 = Release|Any CPU
		{5A809D4C-54EF-4564-B3A5-775379741792}.Debug|Any CPU.ActiveCfg = Debug|Any CPU
		{5A809D4C-54EF-4564-B3A5-775379741792}.EasyTest|Any CPU.ActiveCfg = Debug|Any CPU
		{5A809D4C-54EF-4564-B3A5-775379741792}.EasyTest|Any CPU.Build.0 = Debug|Any CPU
		{5A809D4C-54EF-4564-B3A5-775379741792}.Release|Any CPU.ActiveCfg = Release|Any CPU
		{5A809D4C-54EF-4564-B3A5-775379741792}.Release|Any CPU.Build.0 = Release|Any CPU
		{E6B45D02-A642-417D-9FB2-C94FD5A8CAE4}.Debug|Any CPU.ActiveCfg = Debug|Any CPU
		{E6B45D02-A642-417D-9FB2-C94FD5A8CAE4}.EasyTest|Any CPU.ActiveCfg = Debug|Any CPU
		{E6B45D02-A642-417D-9FB2-C94FD5A8CAE4}.EasyTest|Any CPU.Build.0 = Debug|Any CPU
		{E6B45D02-A642-417D-9FB2-C94FD5A8CAE4}.Release|Any CPU.ActiveCfg = Release|Any CPU
		{E6B45D02-A642-417D-9FB2-C94FD5A8CAE4}.Release|Any CPU.Build.0 = Release|Any CPU
	EndGlobalSection
	GlobalSection(SolutionProperties) = preSolution
		HideSolutionNode = FALSE
	EndGlobalSection
EndGlobal
