
Microsoft Visual Studio Solution File, Format Version 12.00
# Visual Studio Version 17
VisualStudioVersion = 17.6.33815.320
MinimumVisualStudioVersion = 10.0.40219.1
Project("{9A19103F-16F7-4668-BE54-9A1E7A4F7556}") = "OutlookInspired.Module", "OutlookInspired.Module\OutlookInspired.Module.csproj", "{643013D7-4626-445D-9253-D82C3884960D}"
EndProject
Project("{9A19103F-16F7-4668-BE54-9A1E7A4F7556}") = "OutlookInspired.MiddleTier", "OutlookInspired.MiddleTier\OutlookInspired.MiddleTier.csproj", "{060F440A-92E5-4C38-A2FD-D184ED75EF85}"
EndProject
Project("{9A19103F-16F7-4668-BE54-9A1E7A4F7556}") = "OutlookInspired.Win", "OutlookInspired.Win\OutlookInspired.Win.csproj", "{D2C06B0F-84D5-4C14-95BD-AAC45F1E3E79}"
EndProject
Project("{9A19103F-16F7-4668-BE54-9A1E7A4F7556}") = "OutlookInspired.Win.Tests", "Tests\OutlookInspired.Win.Tests\OutlookInspired.Win.Tests.csproj", "{1E27F963-3533-4F8B-9348-A9CE5B96F4DB}"
EndProject
Project("{9A19103F-16F7-4668-BE54-9A1E7A4F7556}") = "XAF.Testing.Win", "Tests\XAF.Testing.Win\XAF.Testing.Win.csproj", "{7DCC6B7D-F550-4243-A59E-CF483B1DE441}"
EndProject
Project("{2150E333-8FDC-42A3-9474-1A3956D46DE8}") = "Tests", "Tests", "{93F1F9BB-409D-40F8-BB53-CE32388C3C5E}"
EndProject
Project("{9A19103F-16F7-4668-BE54-9A1E7A4F7556}") = "OutlookInspired.Blazor.Server", "OutlookInspired.Blazor.Server\OutlookInspired.Blazor.Server.csproj", "{466379A7-EE43-4524-AAF1-C461C3893537}"
EndProject
Project("{9A19103F-16F7-4668-BE54-9A1E7A4F7556}") = "XAF.Testing", "Tests\XAF.Testing\XAF.Testing.csproj", "{E3CE8215-6DF4-4F9A-B09D-896A9105BACE}"
EndProject
Project("{2150E333-8FDC-42A3-9474-1A3956D46DE8}") = "XAF", "XAF", "{AB605950-706E-41A3-B0C2-65086A46CC48}"
EndProject
Project("{2150E333-8FDC-42A3-9474-1A3956D46DE8}") = "OutlookInspired", "OutlookInspired", "{92C0620D-D0E5-4356-B8F9-31E41F721E2D}"
EndProject
Project("{9A19103F-16F7-4668-BE54-9A1E7A4F7556}") = "OutlookInspired.Blazor.Tests", "Tests\OutlookInspired.Blazor.Tests\OutlookInspired.Blazor.Tests.csproj", "{3D9026B2-BBCE-4DE3-A5C1-F732ADB431FB}"
EndProject
Project("{9A19103F-16F7-4668-BE54-9A1E7A4F7556}") = "XAF.Testing.Blazor", "Tests\XAF.Testing.Blazor\XAF.Testing.Blazor.csproj", "{A0B95C35-0538-441D-B466-3A959FA98295}"
EndProject
Project("{9A19103F-16F7-4668-BE54-9A1E7A4F7556}") = "OutlookInspired.Tests", "Tests\OutlookInspired.Tests\OutlookInspired.Tests.csproj", "{18E9B083-F6AA-494A-894D-67187E5E0FFF}"
EndProject
Global
	GlobalSection(SolutionConfigurationPlatforms) = preSolution
		Debug|Any CPU = Debug|Any CPU
		EasyTest|Any CPU = EasyTest|Any CPU
		Release|Any CPU = Release|Any CPU
		Test|Any CPU = Test|Any CPU
	EndGlobalSection
	GlobalSection(ProjectConfigurationPlatforms) = postSolution
		{643013D7-4626-445D-9253-D82C3884960D}.Debug|Any CPU.ActiveCfg = Debug|Any CPU
		{643013D7-4626-445D-9253-D82C3884960D}.Debug|Any CPU.Build.0 = Debug|Any CPU
		{643013D7-4626-445D-9253-D82C3884960D}.EasyTest|Any CPU.ActiveCfg = EasyTest|Any CPU
		{643013D7-4626-445D-9253-D82C3884960D}.EasyTest|Any CPU.Build.0 = EasyTest|Any CPU
		{643013D7-4626-445D-9253-D82C3884960D}.Release|Any CPU.ActiveCfg = Release|Any CPU
		{643013D7-4626-445D-9253-D82C3884960D}.Release|Any CPU.Build.0 = Release|Any CPU
		{643013D7-4626-445D-9253-D82C3884960D}.Test|Any CPU.ActiveCfg = Debug|Any CPU
		{643013D7-4626-445D-9253-D82C3884960D}.Test|Any CPU.Build.0 = Debug|Any CPU
		{060F440A-92E5-4C38-A2FD-D184ED75EF85}.Debug|Any CPU.ActiveCfg = Debug|Any CPU
		{060F440A-92E5-4C38-A2FD-D184ED75EF85}.Debug|Any CPU.Build.0 = Debug|Any CPU
		{060F440A-92E5-4C38-A2FD-D184ED75EF85}.EasyTest|Any CPU.ActiveCfg = EasyTest|Any CPU
		{060F440A-92E5-4C38-A2FD-D184ED75EF85}.EasyTest|Any CPU.Build.0 = EasyTest|Any CPU
		{060F440A-92E5-4C38-A2FD-D184ED75EF85}.Release|Any CPU.ActiveCfg = Release|Any CPU
		{060F440A-92E5-4C38-A2FD-D184ED75EF85}.Release|Any CPU.Build.0 = Release|Any CPU
		{060F440A-92E5-4C38-A2FD-D184ED75EF85}.Test|Any CPU.ActiveCfg = Test|Any CPU
		{060F440A-92E5-4C38-A2FD-D184ED75EF85}.Test|Any CPU.Build.0 = Test|Any CPU
		{D2C06B0F-84D5-4C14-95BD-AAC45F1E3E79}.Debug|Any CPU.ActiveCfg = Debug|Any CPU
		{D2C06B0F-84D5-4C14-95BD-AAC45F1E3E79}.Debug|Any CPU.Build.0 = Debug|Any CPU
		{D2C06B0F-84D5-4C14-95BD-AAC45F1E3E79}.EasyTest|Any CPU.ActiveCfg = EasyTest|Any CPU
		{D2C06B0F-84D5-4C14-95BD-AAC45F1E3E79}.EasyTest|Any CPU.Build.0 = EasyTest|Any CPU
		{D2C06B0F-84D5-4C14-95BD-AAC45F1E3E79}.Release|Any CPU.ActiveCfg = Release|Any CPU
		{D2C06B0F-84D5-4C14-95BD-AAC45F1E3E79}.Release|Any CPU.Build.0 = Release|Any CPU
		{D2C06B0F-84D5-4C14-95BD-AAC45F1E3E79}.Test|Any CPU.ActiveCfg = Debug|Any CPU
		{D2C06B0F-84D5-4C14-95BD-AAC45F1E3E79}.Test|Any CPU.Build.0 = Debug|Any CPU
		{1E27F963-3533-4F8B-9348-A9CE5B96F4DB}.Debug|Any CPU.ActiveCfg = Debug|Any CPU
		{1E27F963-3533-4F8B-9348-A9CE5B96F4DB}.Debug|Any CPU.Build.0 = Debug|Any CPU
		{1E27F963-3533-4F8B-9348-A9CE5B96F4DB}.EasyTest|Any CPU.ActiveCfg = Debug|Any CPU
		{1E27F963-3533-4F8B-9348-A9CE5B96F4DB}.EasyTest|Any CPU.Build.0 = Debug|Any CPU
		{1E27F963-3533-4F8B-9348-A9CE5B96F4DB}.Release|Any CPU.ActiveCfg = Release|Any CPU
		{1E27F963-3533-4F8B-9348-A9CE5B96F4DB}.Release|Any CPU.Build.0 = Release|Any CPU
		{1E27F963-3533-4F8B-9348-A9CE5B96F4DB}.Test|Any CPU.ActiveCfg = Test|Any CPU
		{1E27F963-3533-4F8B-9348-A9CE5B96F4DB}.Test|Any CPU.Build.0 = Test|Any CPU
		{7DCC6B7D-F550-4243-A59E-CF483B1DE441}.Debug|Any CPU.ActiveCfg = Debug|Any CPU
		{7DCC6B7D-F550-4243-A59E-CF483B1DE441}.Debug|Any CPU.Build.0 = Debug|Any CPU
		{7DCC6B7D-F550-4243-A59E-CF483B1DE441}.EasyTest|Any CPU.ActiveCfg = Debug|Any CPU
		{7DCC6B7D-F550-4243-A59E-CF483B1DE441}.EasyTest|Any CPU.Build.0 = Debug|Any CPU
		{7DCC6B7D-F550-4243-A59E-CF483B1DE441}.Release|Any CPU.ActiveCfg = Release|Any CPU
		{7DCC6B7D-F550-4243-A59E-CF483B1DE441}.Release|Any CPU.Build.0 = Release|Any CPU
		{7DCC6B7D-F550-4243-A59E-CF483B1DE441}.Test|Any CPU.ActiveCfg = Debug|Any CPU
		{7DCC6B7D-F550-4243-A59E-CF483B1DE441}.Test|Any CPU.Build.0 = Debug|Any CPU
		{466379A7-EE43-4524-AAF1-C461C3893537}.Debug|Any CPU.ActiveCfg = Debug|Any CPU
		{466379A7-EE43-4524-AAF1-C461C3893537}.Debug|Any CPU.Build.0 = Debug|Any CPU
		{466379A7-EE43-4524-AAF1-C461C3893537}.EasyTest|Any CPU.ActiveCfg = EasyTest|Any CPU
		{466379A7-EE43-4524-AAF1-C461C3893537}.EasyTest|Any CPU.Build.0 = EasyTest|Any CPU
		{466379A7-EE43-4524-AAF1-C461C3893537}.Release|Any CPU.ActiveCfg = Release|Any CPU
		{466379A7-EE43-4524-AAF1-C461C3893537}.Release|Any CPU.Build.0 = Release|Any CPU
		{466379A7-EE43-4524-AAF1-C461C3893537}.Test|Any CPU.ActiveCfg = Debug|Any CPU
		{466379A7-EE43-4524-AAF1-C461C3893537}.Test|Any CPU.Build.0 = Debug|Any CPU
		{E3CE8215-6DF4-4F9A-B09D-896A9105BACE}.Debug|Any CPU.ActiveCfg = Debug|Any CPU
		{E3CE8215-6DF4-4F9A-B09D-896A9105BACE}.Debug|Any CPU.Build.0 = Debug|Any CPU
		{E3CE8215-6DF4-4F9A-B09D-896A9105BACE}.EasyTest|Any CPU.ActiveCfg = Debug|Any CPU
		{E3CE8215-6DF4-4F9A-B09D-896A9105BACE}.EasyTest|Any CPU.Build.0 = Debug|Any CPU
		{E3CE8215-6DF4-4F9A-B09D-896A9105BACE}.Release|Any CPU.ActiveCfg = Release|Any CPU
		{E3CE8215-6DF4-4F9A-B09D-896A9105BACE}.Release|Any CPU.Build.0 = Release|Any CPU
		{E3CE8215-6DF4-4F9A-B09D-896A9105BACE}.Test|Any CPU.ActiveCfg = Debug|Any CPU
		{E3CE8215-6DF4-4F9A-B09D-896A9105BACE}.Test|Any CPU.Build.0 = Debug|Any CPU
		{3D9026B2-BBCE-4DE3-A5C1-F732ADB431FB}.Debug|Any CPU.ActiveCfg = Debug|Any CPU
		{3D9026B2-BBCE-4DE3-A5C1-F732ADB431FB}.Debug|Any CPU.Build.0 = Debug|Any CPU
		{3D9026B2-BBCE-4DE3-A5C1-F732ADB431FB}.EasyTest|Any CPU.ActiveCfg = Debug|Any CPU
		{3D9026B2-BBCE-4DE3-A5C1-F732ADB431FB}.EasyTest|Any CPU.Build.0 = Debug|Any CPU
		{3D9026B2-BBCE-4DE3-A5C1-F732ADB431FB}.Release|Any CPU.ActiveCfg = Release|Any CPU
		{3D9026B2-BBCE-4DE3-A5C1-F732ADB431FB}.Release|Any CPU.Build.0 = Release|Any CPU
		{3D9026B2-BBCE-4DE3-A5C1-F732ADB431FB}.Test|Any CPU.ActiveCfg = Test|Any CPU
		{3D9026B2-BBCE-4DE3-A5C1-F732ADB431FB}.Test|Any CPU.Build.0 = Test|Any CPU
		{A0B95C35-0538-441D-B466-3A959FA98295}.Debug|Any CPU.ActiveCfg = Debug|Any CPU
		{A0B95C35-0538-441D-B466-3A959FA98295}.Debug|Any CPU.Build.0 = Debug|Any CPU
		{A0B95C35-0538-441D-B466-3A959FA98295}.EasyTest|Any CPU.ActiveCfg = Debug|Any CPU
		{A0B95C35-0538-441D-B466-3A959FA98295}.EasyTest|Any CPU.Build.0 = Debug|Any CPU
		{A0B95C35-0538-441D-B466-3A959FA98295}.Release|Any CPU.ActiveCfg = Release|Any CPU
		{A0B95C35-0538-441D-B466-3A959FA98295}.Release|Any CPU.Build.0 = Release|Any CPU
		{A0B95C35-0538-441D-B466-3A959FA98295}.Test|Any CPU.ActiveCfg = Debug|Any CPU
		{A0B95C35-0538-441D-B466-3A959FA98295}.Test|Any CPU.Build.0 = Debug|Any CPU
		{18E9B083-F6AA-494A-894D-67187E5E0FFF}.Debug|Any CPU.ActiveCfg = Debug|Any CPU
		{18E9B083-F6AA-494A-894D-67187E5E0FFF}.Debug|Any CPU.Build.0 = Debug|Any CPU
		{18E9B083-F6AA-494A-894D-67187E5E0FFF}.EasyTest|Any CPU.ActiveCfg = Debug|Any CPU
		{18E9B083-F6AA-494A-894D-67187E5E0FFF}.EasyTest|Any CPU.Build.0 = Debug|Any CPU
		{18E9B083-F6AA-494A-894D-67187E5E0FFF}.Release|Any CPU.ActiveCfg = Release|Any CPU
		{18E9B083-F6AA-494A-894D-67187E5E0FFF}.Release|Any CPU.Build.0 = Release|Any CPU
		{18E9B083-F6AA-494A-894D-67187E5E0FFF}.Test|Any CPU.ActiveCfg = Debug|Any CPU
		{18E9B083-F6AA-494A-894D-67187E5E0FFF}.Test|Any CPU.Build.0 = Debug|Any CPU
	EndGlobalSection
	GlobalSection(SolutionProperties) = preSolution
		HideSolutionNode = FALSE
	EndGlobalSection
	GlobalSection(NestedProjects) = preSolution
		{1E27F963-3533-4F8B-9348-A9CE5B96F4DB} = {92C0620D-D0E5-4356-B8F9-31E41F721E2D}
		{7DCC6B7D-F550-4243-A59E-CF483B1DE441} = {AB605950-706E-41A3-B0C2-65086A46CC48}
		{E3CE8215-6DF4-4F9A-B09D-896A9105BACE} = {AB605950-706E-41A3-B0C2-65086A46CC48}
		{AB605950-706E-41A3-B0C2-65086A46CC48} = {93F1F9BB-409D-40F8-BB53-CE32388C3C5E}
		{92C0620D-D0E5-4356-B8F9-31E41F721E2D} = {93F1F9BB-409D-40F8-BB53-CE32388C3C5E}
		{3D9026B2-BBCE-4DE3-A5C1-F732ADB431FB} = {92C0620D-D0E5-4356-B8F9-31E41F721E2D}
		{A0B95C35-0538-441D-B466-3A959FA98295} = {AB605950-706E-41A3-B0C2-65086A46CC48}
		{18E9B083-F6AA-494A-894D-67187E5E0FFF} = {92C0620D-D0E5-4356-B8F9-31E41F721E2D}
	EndGlobalSection
EndGlobal
