
Microsoft Visual Studio Solution File, Format Version 12.00
# Visual Studio Version 17
VisualStudioVersion = 17.6.33815.320
MinimumVisualStudioVersion = 10.0.40219.1
Project("{9A19103F-16F7-4668-BE54-9A1E7A4F7556}") = "OutlookInspired.Module", "OutlookInspired.Module\OutlookInspired.Module.csproj", "{643013D7-4626-445D-9253-D82C3884960D}"
EndProject
Project("{9A19103F-16F7-4668-BE54-9A1E7A4F7556}") = "OutlookInspired.MiddleTier", "OutlookInspired.MiddleTier\OutlookInspired.MiddleTier.csproj", "{060F440A-92E5-4C38-A2FD-D184ED75EF85}"
EndProject
Project("{9A19103F-16F7-4668-BE54-9A1E7A4F7556}") = "OutlookInspired.Win", "OutlookInspired.Win\OutlookInspired.Win.csproj", "{D2C06B0F-84D5-4C14-95BD-AAC45F1E3E79}"
EndProject
Project("{FAE04EC0-301F-11D3-BF4B-00C04F79EFBC}") = "OutlookInspired.Tests", "Tests\OutlookInspired.Tests\OutlookInspired.Tests.csproj", "{1E27F963-3533-4F8B-9348-A9CE5B96F4DB}"
EndProject
Project("{FAE04EC0-301F-11D3-BF4B-00C04F79EFBC}") = "XAF.Testing", "Tests\XAF.Testing\XAF.Testing.csproj", "{7DCC6B7D-F550-4243-A59E-CF483B1DE441}"
EndProject
Project("{2150E333-8FDC-42A3-9474-1A3956D46DE8}") = "Tests", "Tests", "{93F1F9BB-409D-40F8-BB53-CE32388C3C5E}"
EndProject
Global
	GlobalSection(SolutionConfigurationPlatforms) = preSolution
		Debug|Any CPU = Debug|Any CPU
		EasyTest|Any CPU = EasyTest|Any CPU
		Release|Any CPU = Release|Any CPU
		Test|Any CPU = Test|Any CPU
	EndGlobalSection
	GlobalSection(ProjectConfigurationPlatforms) = postSolution
		{643013D7-4626-445D-9253-D82C3884960D}.Debug|Any CPU.ActiveCfg = Debug|Any CPU
		{643013D7-4626-445D-9253-D82C3884960D}.Debug|Any CPU.Build.0 = Debug|Any CPU
		{643013D7-4626-445D-9253-D82C3884960D}.EasyTest|Any CPU.ActiveCfg = EasyTest|Any CPU
		{643013D7-4626-445D-9253-D82C3884960D}.EasyTest|Any CPU.Build.0 = EasyTest|Any CPU
		{643013D7-4626-445D-9253-D82C3884960D}.Release|Any CPU.ActiveCfg = Release|Any CPU
		{643013D7-4626-445D-9253-D82C3884960D}.Release|Any CPU.Build.0 = Release|Any CPU
		{643013D7-4626-445D-9253-D82C3884960D}.Test|Any CPU.ActiveCfg = Test|Any CPU
		{643013D7-4626-445D-9253-D82C3884960D}.Test|Any CPU.Build.0 = Test|Any CPU
		{060F440A-92E5-4C38-A2FD-D184ED75EF85}.Debug|Any CPU.ActiveCfg = Debug|Any CPU
		{060F440A-92E5-4C38-A2FD-D184ED75EF85}.Debug|Any CPU.Build.0 = Debug|Any CPU
		{060F440A-92E5-4C38-A2FD-D184ED75EF85}.EasyTest|Any CPU.ActiveCfg = EasyTest|Any CPU
		{060F440A-92E5-4C38-A2FD-D184ED75EF85}.EasyTest|Any CPU.Build.0 = EasyTest|Any CPU
		{060F440A-92E5-4C38-A2FD-D184ED75EF85}.Release|Any CPU.ActiveCfg = Release|Any CPU
		{060F440A-92E5-4C38-A2FD-D184ED75EF85}.Release|Any CPU.Build.0 = Release|Any CPU
		{060F440A-92E5-4C38-A2FD-D184ED75EF85}.Test|Any CPU.ActiveCfg = Test|Any CPU
		{060F440A-92E5-4C38-A2FD-D184ED75EF85}.Test|Any CPU.Build.0 = Test|Any CPU
		{D2C06B0F-84D5-4C14-95BD-AAC45F1E3E79}.Debug|Any CPU.ActiveCfg = Debug|Any CPU
		{D2C06B0F-84D5-4C14-95BD-AAC45F1E3E79}.Debug|Any CPU.Build.0 = Debug|Any CPU
		{D2C06B0F-84D5-4C14-95BD-AAC45F1E3E79}.EasyTest|Any CPU.ActiveCfg = EasyTest|Any CPU
		{D2C06B0F-84D5-4C14-95BD-AAC45F1E3E79}.EasyTest|Any CPU.Build.0 = EasyTest|Any CPU
		{D2C06B0F-84D5-4C14-95BD-AAC45F1E3E79}.Release|Any CPU.ActiveCfg = Release|Any CPU
		{D2C06B0F-84D5-4C14-95BD-AAC45F1E3E79}.Release|Any CPU.Build.0 = Release|Any CPU
		{D2C06B0F-84D5-4C14-95BD-AAC45F1E3E79}.Test|Any CPU.ActiveCfg = Test|Any CPU
		{D2C06B0F-84D5-4C14-95BD-AAC45F1E3E79}.Test|Any CPU.Build.0 = Test|Any CPU
		{1E27F963-3533-4F8B-9348-A9CE5B96F4DB}.Debug|Any CPU.ActiveCfg = Debug|Any CPU
		{1E27F963-3533-4F8B-9348-A9CE5B96F4DB}.Debug|Any CPU.Build.0 = Debug|Any CPU
		{1E27F963-3533-4F8B-9348-A9CE5B96F4DB}.EasyTest|Any CPU.ActiveCfg = Debug|Any CPU
		{1E27F963-3533-4F8B-9348-A9CE5B96F4DB}.EasyTest|Any CPU.Build.0 = Debug|Any CPU
		{1E27F963-3533-4F8B-9348-A9CE5B96F4DB}.Release|Any CPU.ActiveCfg = Release|Any CPU
		{1E27F963-3533-4F8B-9348-A9CE5B96F4DB}.Release|Any CPU.Build.0 = Release|Any CPU
		{1E27F963-3533-4F8B-9348-A9CE5B96F4DB}.Test|Any CPU.ActiveCfg = Test|Any CPU
		{1E27F963-3533-4F8B-9348-A9CE5B96F4DB}.Test|Any CPU.Build.0 = Test|Any CPU
		{7DCC6B7D-F550-4243-A59E-CF483B1DE441}.Debug|Any CPU.ActiveCfg = Debug|Any CPU
		{7DCC6B7D-F550-4243-A59E-CF483B1DE441}.EasyTest|Any CPU.ActiveCfg = Debug|Any CPU
		{7DCC6B7D-F550-4243-A59E-CF483B1DE441}.EasyTest|Any CPU.Build.0 = Debug|Any CPU
		{7DCC6B7D-F550-4243-A59E-CF483B1DE441}.Release|Any CPU.ActiveCfg = Release|Any CPU
		{7DCC6B7D-F550-4243-A59E-CF483B1DE441}.Release|Any CPU.Build.0 = Release|Any CPU
		{7DCC6B7D-F550-4243-A59E-CF483B1DE441}.Debug|Any CPU.Build.0 = Debug|Any CPU
		{7DCC6B7D-F550-4243-A59E-CF483B1DE441}.Test|Any CPU.ActiveCfg = Test|Any CPU
		{7DCC6B7D-F550-4243-A59E-CF483B1DE441}.Test|Any CPU.Build.0 = Test|Any CPU
	EndGlobalSection
	GlobalSection(SolutionProperties) = preSolution
		HideSolutionNode = FALSE
	EndGlobalSection
	GlobalSection(NestedProjects) = preSolution
		{7DCC6B7D-F550-4243-A59E-CF483B1DE441} = {93F1F9BB-409D-40F8-BB53-CE32388C3C5E}
		{1E27F963-3533-4F8B-9348-A9CE5B96F4DB} = {93F1F9BB-409D-40F8-BB53-CE32388C3C5E}
	EndGlobalSection
EndGlobal
